
Microsoft Visual Studio Solution File, Format Version 12.00
# Visual Studio Version 17
VisualStudioVersion = 17.2.32526.322
MinimumVisualStudioVersion = 10.0.40219.1
Project("{FAE04EC0-301F-11D3-BF4B-00C04F79EFBC}") = "Deliverable1", "Deliverable1.csproj", "{32C29F93-624F-4900-808D-AA90A6426604}"
EndProject
Global
	GlobalSection(SolutionConfigurationPlatforms) = preSolution
		Debug|Any CPU = Debug|Any CPU
		Release|Any CPU = Release|Any CPU
	EndGlobalSection
	GlobalSection(ProjectConfigurationPlatforms) = postSolution
		{32C29F93-624F-4900-808D-AA90A6426604}.Debug|Any CPU.ActiveCfg = Debug|Any CPU
		{32C29F93-624F-4900-808D-AA90A6426604}.Debug|Any CPU.Build.0 = Debug|Any CPU
		{32C29F93-624F-4900-808D-AA90A6426604}.Release|Any CPU.ActiveCfg = Release|Any CPU
		{32C29F93-624F-4900-808D-AA90A6426604}.Release|Any CPU.Build.0 = Release|Any CPU
	EndGlobalSection
	GlobalSection(SolutionProperties) = preSolution
		HideSolutionNode = FALSE
	EndGlobalSection
	GlobalSection(ExtensibilityGlobals) = postSolution
		SolutionGuid = {779464D1-4ACE-4908-8BFA-7188A31A377A}
	EndGlobalSection
EndGlobal
